
Microsoft Visual Studio Solution File, Format Version 12.00
# Visual Studio Version 17
VisualStudioVersion = 17.0.31903.59
MinimumVisualStudioVersion = 10.0.40219.1
Project("{9A19103F-16F7-4668-BE54-9A1E7A4F7556}") = "TrumpBsAlert", "src\TrumpBsAlert\TrumpBsAlert.csproj", "{ADBE6FCA-621F-4A97-B6CD-41B467537114}"
EndProject
Project("{9A19103F-16F7-4668-BE54-9A1E7A4F7556}") = "TrumpBsAlert.Tests", "tests\TrumpBsAlert.Tests\TrumpBsAlert.Tests.csproj", "{E21A598C-53B0-496E-8D24-6299FA73DDA5}"
EndProject
Global
	GlobalSection(SolutionConfigurationPlatforms) = preSolution
		Debug|Any CPU = Debug|Any CPU
		Release|Any CPU = Release|Any CPU
	EndGlobalSection
	GlobalSection(ProjectConfigurationPlatforms) = postSolution
		{ADBE6FCA-621F-4A97-B6CD-41B467537114}.Debug|Any CPU.ActiveCfg = Debug|Any CPU
		{ADBE6FCA-621F-4A97-B6CD-41B467537114}.Debug|Any CPU.Build.0 = Debug|Any CPU
		{ADBE6FCA-621F-4A97-B6CD-41B467537114}.Release|Any CPU.ActiveCfg = Release|Any CPU
		{ADBE6FCA-621F-4A97-B6CD-41B467537114}.Release|Any CPU.Build.0 = Release|Any CPU
		{E21A598C-53B0-496E-8D24-6299FA73DDA5}.Debug|Any CPU.ActiveCfg = Debug|Any CPU
		{E21A598C-53B0-496E-8D24-6299FA73DDA5}.Debug|Any CPU.Build.0 = Debug|Any CPU
		{E21A598C-53B0-496E-8D24-6299FA73DDA5}.Release|Any CPU.ActiveCfg = Release|Any CPU
		{E21A598C-53B0-496E-8D24-6299FA73DDA5}.Release|Any CPU.Build.0 = Release|Any CPU
	EndGlobalSection
	GlobalSection(SolutionProperties) = preSolution
		HideSolutionNode = FALSE
	EndGlobalSection
EndGlobal
